
Microsoft Visual Studio Solution File, Format Version 12.00
# Visual Studio Version 17
VisualStudioVersion = 17.13.35931.197 d17.13
MinimumVisualStudioVersion = 10.0.40219.1
Project("{FAE04EC0-301F-11D3-BF4B-00C04F79EFBC}") = "lec_2_infra_git", "lec_2_infra_git.csproj", "{EB95691E-E0FF-416C-97E8-536B40466390}"
EndProject
Global
	GlobalSection(SolutionConfigurationPlatforms) = preSolution
		Debug|Any CPU = Debug|Any CPU
		Release|Any CPU = Release|Any CPU
	EndGlobalSection
	GlobalSection(ProjectConfigurationPlatforms) = postSolution
		{EB95691E-E0FF-416C-97E8-536B40466390}.Debug|Any CPU.ActiveCfg = Debug|Any CPU
		{EB95691E-E0FF-416C-97E8-536B40466390}.Debug|Any CPU.Build.0 = Debug|Any CPU
		{EB95691E-E0FF-416C-97E8-536B40466390}.Release|Any CPU.ActiveCfg = Release|Any CPU
		{EB95691E-E0FF-416C-97E8-536B40466390}.Release|Any CPU.Build.0 = Release|Any CPU
	EndGlobalSection
	GlobalSection(SolutionProperties) = preSolution
		HideSolutionNode = FALSE
	EndGlobalSection
	GlobalSection(ExtensibilityGlobals) = postSolution
		SolutionGuid = {E9B0A805-A239-4847-A295-F820D0CBDB77}
	EndGlobalSection
EndGlobal
